
Microsoft Visual Studio Solution File, Format Version 11.00
# Visual Studio 2010
Project("{8BC9CEB8-8B4A-11D0-8D11-00A0C91BC942}") = "MechSG", "MechSG\MechSG.vcxproj", "{E50FF202-4DAA-4AD7-ABCC-3D68B20A568C}"
EndProject
Project("{8BC9CEB8-8B4A-11D0-8D11-00A0C91BC942}") = "MechSG.Tests", "MechSG.Tests\MechSG.Tests.vcxproj", "{29B3B0D3-C3A5-4231-818D-C54A5F6C39D2}"
EndProject
Project("{8BC9CEB8-8B4A-11D0-8D11-00A0C91BC942}") = "UI.Core", "UI.Core\UI.Core.vcxproj", "{68306213-7760-40E4-954D-C28EEE1F75D9}"
EndProject
Project("{8BC9CEB8-8B4A-11D0-8D11-00A0C91BC942}") = "UI.Windows", "UI.Windows\UI.Windows.vcxproj", "{07CD09EE-96FD-42A6-B07A-D4B6D9D2931D}"
EndProject
Project("{8BC9CEB8-8B4A-11D0-8D11-00A0C91BC942}") = "UI.Main", "UI.Main\UI.Main.vcxproj", "{1058C097-F042-4F16-9843-11095AAFF39F}"
EndProject
Project("{8BC9CEB8-8B4A-11D0-8D11-00A0C91BC942}") = "winspike", "winspike\winspike.vcxproj", "{83FFB2AC-8151-4A7A-B000-F790FF915B78}"
EndProject
Project("{8BC9CEB8-8B4A-11D0-8D11-00A0C91BC942}") = "winspike.tests", "winspike.tests\winspike.tests.vcxproj", "{79AF8BA1-C418-4FAE-B066-1A0798316E16}"
EndProject
Project("{8BC9CEB8-8B4A-11D0-8D11-00A0C91BC942}") = "winspike.components", "winspike.components\winspike.components.vcxproj", "{B2E93B6C-575D-41C0-99DC-955EBCA1A035}"
EndProject
Project("{8BC9CEB8-8B4A-11D0-8D11-00A0C91BC942}") = "PongGame", "PongGame\PongGame.vcxproj", "{087486F2-A4F8-4C13-BB93-D9E08781FDF2}"
EndProject
Global
	GlobalSection(SolutionConfigurationPlatforms) = preSolution
		Debug|Win32 = Debug|Win32
		Release|Win32 = Release|Win32
	EndGlobalSection
	GlobalSection(ProjectConfigurationPlatforms) = postSolution
		{E50FF202-4DAA-4AD7-ABCC-3D68B20A568C}.Debug|Win32.ActiveCfg = Debug|Win32
		{E50FF202-4DAA-4AD7-ABCC-3D68B20A568C}.Debug|Win32.Build.0 = Debug|Win32
		{E50FF202-4DAA-4AD7-ABCC-3D68B20A568C}.Release|Win32.ActiveCfg = Release|Win32
		{E50FF202-4DAA-4AD7-ABCC-3D68B20A568C}.Release|Win32.Build.0 = Release|Win32
		{29B3B0D3-C3A5-4231-818D-C54A5F6C39D2}.Debug|Win32.ActiveCfg = Debug|Win32
		{29B3B0D3-C3A5-4231-818D-C54A5F6C39D2}.Debug|Win32.Build.0 = Debug|Win32
		{29B3B0D3-C3A5-4231-818D-C54A5F6C39D2}.Release|Win32.ActiveCfg = Release|Win32
		{29B3B0D3-C3A5-4231-818D-C54A5F6C39D2}.Release|Win32.Build.0 = Release|Win32
		{68306213-7760-40E4-954D-C28EEE1F75D9}.Debug|Win32.ActiveCfg = Debug|Win32
		{68306213-7760-40E4-954D-C28EEE1F75D9}.Debug|Win32.Build.0 = Debug|Win32
		{68306213-7760-40E4-954D-C28EEE1F75D9}.Release|Win32.ActiveCfg = Release|Win32
		{68306213-7760-40E4-954D-C28EEE1F75D9}.Release|Win32.Build.0 = Release|Win32
		{07CD09EE-96FD-42A6-B07A-D4B6D9D2931D}.Debug|Win32.ActiveCfg = Debug|Win32
		{07CD09EE-96FD-42A6-B07A-D4B6D9D2931D}.Debug|Win32.Build.0 = Debug|Win32
		{07CD09EE-96FD-42A6-B07A-D4B6D9D2931D}.Release|Win32.ActiveCfg = Release|Win32
		{07CD09EE-96FD-42A6-B07A-D4B6D9D2931D}.Release|Win32.Build.0 = Release|Win32
		{1058C097-F042-4F16-9843-11095AAFF39F}.Debug|Win32.ActiveCfg = Debug|Win32
		{1058C097-F042-4F16-9843-11095AAFF39F}.Debug|Win32.Build.0 = Debug|Win32
		{1058C097-F042-4F16-9843-11095AAFF39F}.Release|Win32.ActiveCfg = Release|Win32
		{1058C097-F042-4F16-9843-11095AAFF39F}.Release|Win32.Build.0 = Release|Win32
		{83FFB2AC-8151-4A7A-B000-F790FF915B78}.Debug|Win32.ActiveCfg = Debug|Win32
		{83FFB2AC-8151-4A7A-B000-F790FF915B78}.Debug|Win32.Build.0 = Debug|Win32
		{83FFB2AC-8151-4A7A-B000-F790FF915B78}.Release|Win32.ActiveCfg = Release|Win32
		{83FFB2AC-8151-4A7A-B000-F790FF915B78}.Release|Win32.Build.0 = Release|Win32
		{79AF8BA1-C418-4FAE-B066-1A0798316E16}.Debug|Win32.ActiveCfg = Debug|Win32
		{79AF8BA1-C418-4FAE-B066-1A0798316E16}.Debug|Win32.Build.0 = Debug|Win32
		{79AF8BA1-C418-4FAE-B066-1A0798316E16}.Release|Win32.ActiveCfg = Release|Win32
		{79AF8BA1-C418-4FAE-B066-1A0798316E16}.Release|Win32.Build.0 = Release|Win32
		{B2E93B6C-575D-41C0-99DC-955EBCA1A035}.Debug|Win32.ActiveCfg = Debug|Win32
		{B2E93B6C-575D-41C0-99DC-955EBCA1A035}.Debug|Win32.Build.0 = Debug|Win32
		{B2E93B6C-575D-41C0-99DC-955EBCA1A035}.Release|Win32.ActiveCfg = Release|Win32
		{B2E93B6C-575D-41C0-99DC-955EBCA1A035}.Release|Win32.Build.0 = Release|Win32
		{087486F2-A4F8-4C13-BB93-D9E08781FDF2}.Debug|Win32.ActiveCfg = Debug|Win32
		{087486F2-A4F8-4C13-BB93-D9E08781FDF2}.Debug|Win32.Build.0 = Debug|Win32
		{087486F2-A4F8-4C13-BB93-D9E08781FDF2}.Release|Win32.ActiveCfg = Release|Win32
		{087486F2-A4F8-4C13-BB93-D9E08781FDF2}.Release|Win32.Build.0 = Release|Win32
	EndGlobalSection
	GlobalSection(SolutionProperties) = preSolution
		HideSolutionNode = FALSE
	EndGlobalSection
EndGlobal
